<?xml version="1.0" encoding="utf-8"?>
<Project ToolsVersion="4.0" xmlns="http://schemas.microsoft.com/developer/msbuild/2003">
  <ItemGroup>
    <Filter Include="소스 파일">
      <UniqueIdentifier>{4FC737F1-C7A5-4376-A066-2A32D752A2FF}</UniqueIdentifier>
      <Extensions>cpp;c;cc;cxx;c++;cppm;ixx;def;odl;idl;hpj;bat;asm;asmx</Extensions>
    </Filter>
    <Filter Include="리소스 파일">
      <UniqueIdentifier>{67DA6AB6-F800-4c08-8B7A-83BB121AAD01}</UniqueIdentifier>
      <Extensions>rc;ico;cur;bmp;dlg;rc2;rct;bin;rgs;gif;jpg;jpeg;jpe;resx;tiff;tif;png;wav;mfcribbon-ms</Extensions>
    </Filter>
    <Filter Include="소스 파일\Main">
      <UniqueIdentifier>{505fddd8-1c7c-4c21-9e57-0782b0525d43}</UniqueIdentifier>
    </Filter>
    <Filter Include="소스 파일\Func">
      <UniqueIdentifier>{5a5d8a30-e9f3-49a2-bb73-3bbaadeba9f6}</UniqueIdentifier>
    </Filter>
    <Filter Include="소스 파일\Func\DataStructure">
      <UniqueIdentifier>{d5baa341-a17b-4b28-a492-bd248912c93b}</UniqueIdentifier>
    </Filter>
    <Filter Include="소스 파일\Func\Sort">
      <UniqueIdentifier>{ab328b79-9b28-4626-8e1b-972c6cdb2105}</UniqueIdentifier>
    </Filter>
    <Filter Include="소스 파일\Func\Sort\Code">
      <UniqueIdentifier>{6391efac-d21a-47ca-9591-87d038a8a033}</UniqueIdentifier>
    </Filter>
    <Filter Include="소스 파일\Func\Sort\Header">
      <UniqueIdentifier>{b1367c6d-f8ef-45c5-945d-1ac2aaa4e354}</UniqueIdentifier>
    </Filter>
    <Filter Include="소스 파일\Func\String">
      <UniqueIdentifier>{b740e9dd-94b8-4453-8bf4-38297e21475b}</UniqueIdentifier>
    </Filter>
    <Filter Include="소스 파일\Func\String\Header">
      <UniqueIdentifier>{a086f636-96c9-42f9-a6fc-d2ed8190f35b}</UniqueIdentifier>
    </Filter>
    <Filter Include="소스 파일\Func\String\Code">
      <UniqueIdentifier>{7eabad03-1934-40a7-854f-8f7d4dd124f8}</UniqueIdentifier>
    </Filter>
    <Filter Include="소스 파일\Func\etc">
      <UniqueIdentifier>{ba082730-2aaa-414c-b932-ec019d571f12}</UniqueIdentifier>
    </Filter>
  </ItemGroup>
  <ItemGroup>
    <ClCompile Include="main.cpp">
      <Filter>소스 파일\Main</Filter>
    </ClCompile>
    <ClCompile Include="BubbleSort.cpp">
      <Filter>소스 파일\Func\Sort\Code</Filter>
    </ClCompile>
    <ClCompile Include="InsertSort.cpp">
      <Filter>소스 파일\Func\Sort\Code</Filter>
    </ClCompile>
    <ClCompile Include="QuickSort.cpp">
      <Filter>소스 파일\Func\Sort\Code</Filter>
    </ClCompile>
    <ClCompile Include="String.cpp">
      <Filter>소스 파일\Func\String\Code</Filter>
    </ClCompile>
    <ClCompile Include="main_stringTest.cpp">
      <Filter>소스 파일\Main</Filter>
    </ClCompile>
    <ClCompile Include="CreateStar.cpp">
      <Filter>소스 파일\Func\etc</Filter>
    </ClCompile>
    <ClCompile Include="SelectionSort.cpp">
      <Filter>소스 파일\Func\Sort\Code</Filter>
    </ClCompile>
    <ClCompile Include="MergeSort.cpp">
      <Filter>소스 파일\Func\Sort\Code</Filter>
    </ClCompile>
    <ClCompile Include="Dynamic_Array.cpp">
      <Filter>소스 파일\Func\DataStructure</Filter>
    </ClCompile>
    <ClCompile Include="Linked_List.cpp">
      <Filter>소스 파일\Func\DataStructure</Filter>
    </ClCompile>
    <ClCompile Include="main_MyVector.cpp">
      <Filter>소스 파일\Main</Filter>
    </ClCompile>
  </ItemGroup>
  <ItemGroup>
    <ClInclude Include="Sort.h">
      <Filter>소스 파일\Func\Sort\Header</Filter>
    </ClInclude>
    <ClInclude Include="String.h">
      <Filter>소스 파일\Func\String\Header</Filter>
    </ClInclude>
    <ClInclude Include="template.h">
      <Filter>소스 파일\Func\etc</Filter>
    </ClInclude>
    <ClInclude Include="Dynamic_Array.h">
      <Filter>소스 파일\Func\DataStructure</Filter>
    </ClInclude>
    <ClInclude Include="Linked_List.h">
      <Filter>소스 파일\Func\DataStructure</Filter>
    </ClInclude>
    <ClInclude Include="MyVector.h">
      <Filter>소스 파일\Func\DataStructure</Filter>
    </ClInclude>
  </ItemGroup>
</Project>